
Microsoft Visual Studio Solution File, Format Version 12.00
# Visual Studio Version 17
VisualStudioVersion = 17.1.32421.90
MinimumVisualStudioVersion = 10.0.40219.1
Project("{9A19103F-16F7-4668-BE54-9A1E7A4F7556}") = "WebApp", "WebApp\WebApp.csproj", "{6C1E1422-5AA1-435C-9F38-22DDDF7D712A}"
EndProject
Project("{9A19103F-16F7-4668-BE54-9A1E7A4F7556}") = "HttpFunction", "HttpFunction\HttpFunction.csproj", "{54DD1983-EBC5-474F-8FC2-61BAC9A3A689}"
EndProject
Global
	GlobalSection(SolutionConfigurationPlatforms) = preSolution
		Debug|Any CPU = Debug|Any CPU
		Release|Any CPU = Release|Any CPU
	EndGlobalSection
	GlobalSection(ProjectConfigurationPlatforms) = postSolution
		{6C1E1422-5AA1-435C-9F38-22DDDF7D712A}.Debug|Any CPU.ActiveCfg = Debug|Any CPU
		{6C1E1422-5AA1-435C-9F38-22DDDF7D712A}.Debug|Any CPU.Build.0 = Debug|Any CPU
		{6C1E1422-5AA1-435C-9F38-22DDDF7D712A}.Release|Any CPU.ActiveCfg = Release|Any CPU
		{6C1E1422-5AA1-435C-9F38-22DDDF7D712A}.Release|Any CPU.Build.0 = Release|Any CPU
		{54DD1983-EBC5-474F-8FC2-61BAC9A3A689}.Debug|Any CPU.ActiveCfg = Debug|Any CPU
		{54DD1983-EBC5-474F-8FC2-61BAC9A3A689}.Debug|Any CPU.Build.0 = Debug|Any CPU
		{54DD1983-EBC5-474F-8FC2-61BAC9A3A689}.Release|Any CPU.ActiveCfg = Release|Any CPU
		{54DD1983-EBC5-474F-8FC2-61BAC9A3A689}.Release|Any CPU.Build.0 = Release|Any CPU
	EndGlobalSection
	GlobalSection(SolutionProperties) = preSolution
		HideSolutionNode = FALSE
	EndGlobalSection
	GlobalSection(ExtensibilityGlobals) = postSolution
		SolutionGuid = {DB2B0304-8810-40EE-9797-D9F7A7677DC5}
	EndGlobalSection
EndGlobal
